{
  "name": "chat_project_firebase5_auth_nav",
  "lockfileVersion": 2,
  "requires": true,
  "packages": {
    "": {
      "dependencies": {
        "req": "^0.1.4"
      }
    },
    "node_modules/mime": {
      "version": "1.2.5",
      "resolved": "https://registry.npmjs.org/mime/-/mime-1.2.5.tgz",
      "integrity": "sha1-nu0HMCKov14WyFZsaGe4gyv7+hM=",
      "engines": {
        "node": "*"
      }
    },
    "node_modules/optimist": {
      "version": "0.3.1",
      "resolved": "https://registry.npmjs.org/optimist/-/optimist-0.3.1.tgz",
      "integrity": "sha1-ZoDTBWAZOvWlXrZDlIg+17y5jy4=",
      "dependencies": {
        "wordwrap": ">=0.0.1 <0.1.0"
      },
      "engines": {
        "node": "*"
      }
    },
    "node_modules/progress": {
      "version": "0.0.4",
      "resolved": "https://registry.npmjs.org/progress/-/progress-0.0.4.tgz",
      "integrity": "sha1-3CA3Xncja6AJwKtcb6T22S90CM8=",
      "engines": {
        "node": ">=0.4.0"
      }
    },
    "node_modules/req": {
      "version": "0.1.4",
      "resolved": "https://registry.npmjs.org/req/-/req-0.1.4.tgz",
      "integrity": "sha1-1j7rm4K47RSLhDFNio1ykhGCy6Q=",
      "dependencies": {
        "mime": "1.2.5",
        "optimist": "0.3.1",
        "progress": "0.0.4",
        "request": "2.9.202"
      },
      "bin": {
        "req": "bin/req"
      }
    },
    "node_modules/request": {
      "version": "2.9.202",
      "resolved": "https://registry.npmjs.org/request/-/request-2.9.202.tgz",
      "integrity": "sha1-xhOZzfu+/aXcSGU7DpvqUX2fhJc=",
      "deprecated": "request has been deprecated, see https://github.com/request/request/issues/3142",
      "engines": [
        "node >= 0.3.6"
      ]
    },
    "node_modules/wordwrap": {
      "version": "0.0.3",
      "resolved": "https://registry.npmjs.org/wordwrap/-/wordwrap-0.0.3.tgz",
      "integrity": "sha1-o9XabNXAvAAI03I0u68b7WMFkQc=",
      "engines": {
        "node": ">=0.4.0"
      }
    }
  },
  "dependencies": {
    "mime": {
      "version": "1.2.5",
      "resolved": "https://registry.npmjs.org/mime/-/mime-1.2.5.tgz",
      "integrity": "sha1-nu0HMCKov14WyFZsaGe4gyv7+hM="
    },
    "optimist": {
      "version": "0.3.1",
      "resolved": "https://registry.npmjs.org/optimist/-/optimist-0.3.1.tgz",
      "integrity": "sha1-ZoDTBWAZOvWlXrZDlIg+17y5jy4=",
      "requires": {
        "wordwrap": ">=0.0.1 <0.1.0"
      }
    },
    "progress": {
      "version": "0.0.4",
      "resolved": "https://registry.npmjs.org/progress/-/progress-0.0.4.tgz",
      "integrity": "sha1-3CA3Xncja6AJwKtcb6T22S90CM8="
    },
    "req": {
      "version": "0.1.4",
      "resolved": "https://registry.npmjs.org/req/-/req-0.1.4.tgz",
      "integrity": "sha1-1j7rm4K47RSLhDFNio1ykhGCy6Q=",
      "requires": {
        "mime": "1.2.5",
        "optimist": "0.3.1",
        "progress": "0.0.4",
        "request": "2.9.202"
      }
    },
    "request": {
      "version": "2.9.202",
      "resolved": "https://registry.npmjs.org/request/-/request-2.9.202.tgz",
      "integrity": "sha1-xhOZzfu+/aXcSGU7DpvqUX2fhJc="
    },
    "wordwrap": {
      "version": "0.0.3",
      "resolved": "https://registry.npmjs.org/wordwrap/-/wordwrap-0.0.3.tgz",
      "integrity": "sha1-o9XabNXAvAAI03I0u68b7WMFkQc="
    }
  }
}
